
Microsoft Visual Studio Solution File, Format Version 12.00
# Visual Studio Version 17
VisualStudioVersion = 17.4.33110.190
MinimumVisualStudioVersion = 10.0.40219.1
Project("{FAE04EC0-301F-11D3-BF4B-00C04F79EFBC}") = "GirisCikisKontrolOtomasyonu", "GirisCikisKontrolOtomasyonu.csproj", "{88C89560-9A7C-4421-9F53-3B7C463E69DE}"
EndProject
Global
	GlobalSection(SolutionConfigurationPlatforms) = preSolution
		Debug|Any CPU = Debug|Any CPU
		Release|Any CPU = Release|Any CPU
	EndGlobalSection
	GlobalSection(ProjectConfigurationPlatforms) = postSolution
		{88C89560-9A7C-4421-9F53-3B7C463E69DE}.Debug|Any CPU.ActiveCfg = Debug|Any CPU
		{88C89560-9A7C-4421-9F53-3B7C463E69DE}.Debug|Any CPU.Build.0 = Debug|Any CPU
		{88C89560-9A7C-4421-9F53-3B7C463E69DE}.Release|Any CPU.ActiveCfg = Release|Any CPU
		{88C89560-9A7C-4421-9F53-3B7C463E69DE}.Release|Any CPU.Build.0 = Release|Any CPU
	EndGlobalSection
	GlobalSection(SolutionProperties) = preSolution
		HideSolutionNode = FALSE
	EndGlobalSection
	GlobalSection(ExtensibilityGlobals) = postSolution
		SolutionGuid = {C8897478-DB78-4B33-8E45-FF2D9616E31B}
	EndGlobalSection
EndGlobal
